
Microsoft Visual Studio Solution File, Format Version 12.00
# Visual Studio Version 17
VisualStudioVersion = 17.3.32804.467
MinimumVisualStudioVersion = 10.0.40219.1
Project("{888888A0-9F3D-457C-B088-3A5042F75D52}") = "Translator", "Translator\Translator.pyproj", "{71F394B6-2881-4C3C-B45E-E844BF001504}"
EndProject
Global
	GlobalSection(SolutionConfigurationPlatforms) = preSolution
		Debug|Any CPU = Debug|Any CPU
		Release|Any CPU = Release|Any CPU
	EndGlobalSection
	GlobalSection(ProjectConfigurationPlatforms) = postSolution
		{71F394B6-2881-4C3C-B45E-E844BF001504}.Debug|Any CPU.ActiveCfg = Debug|Any CPU
		{71F394B6-2881-4C3C-B45E-E844BF001504}.Release|Any CPU.ActiveCfg = Release|Any CPU
	EndGlobalSection
	GlobalSection(SolutionProperties) = preSolution
		HideSolutionNode = FALSE
	EndGlobalSection
	GlobalSection(ExtensibilityGlobals) = postSolution
		SolutionGuid = {143135DF-E946-408D-BF03-8C1CB857EF47}
	EndGlobalSection
EndGlobal
